// !$*UTF8*$!
{
	archiveVersion = 1;
	classes = {
	};
	objectVersion = 46;
	objects = {

/* Begin PBXBuildFile section */
		424D0764030C7174CCD79C18 /* Pods_Twitter.framework in Frameworks */ = {isa = PBXBuildFile; fileRef = 4D00CB6773BFF4921913FF98 /* Pods_Twitter.framework */; };
		7BD0EFBE1E9E0495000D07F4 /* AppDelegate.swift in Sources */ = {isa = PBXBuildFile; fileRef = 7BD0EFBD1E9E0495000D07F4 /* AppDelegate.swift */; };
		7BD0EFC31E9E0495000D07F4 /* Main.storyboard in Resources */ = {isa = PBXBuildFile; fileRef = 7BD0EFC11E9E0495000D07F4 /* Main.storyboard */; };
		7BD0EFC51E9E0495000D07F4 /* Assets.xcassets in Resources */ = {isa = PBXBuildFile; fileRef = 7BD0EFC41E9E0495000D07F4 /* Assets.xcassets */; };
		7BD0EFC81E9E0495000D07F4 /* LaunchScreen.storyboard in Resources */ = {isa = PBXBuildFile; fileRef = 7BD0EFC61E9E0495000D07F4 /* LaunchScreen.storyboard */; };
		7BD0EFD01E9E1415000D07F4 /* LoginViewController.swift in Sources */ = {isa = PBXBuildFile; fileRef = 7BD0EFCF1E9E1415000D07F4 /* LoginViewController.swift */; };
		7BD0EFD31E9ED4B6000D07F4 /* User.swift in Sources */ = {isa = PBXBuildFile; fileRef = 7BD0EFD21E9ED4B6000D07F4 /* User.swift */; };
		7BD0EFD51E9ED4C6000D07F4 /* Tweet.swift in Sources */ = {isa = PBXBuildFile; fileRef = 7BD0EFD41E9ED4C6000D07F4 /* Tweet.swift */; };
		7BD0EFD81E9EE1D6000D07F4 /* TwitterClient.swift in Sources */ = {isa = PBXBuildFile; fileRef = 7BD0EFD71E9EE1D6000D07F4 /* TwitterClient.swift */; };
		7BD0EFDB1E9F00E0000D07F4 /* TweetsViewController.swift in Sources */ = {isa = PBXBuildFile; fileRef = 7BD0EFDA1E9F00E0000D07F4 /* TweetsViewController.swift */; };
		7BD0EFDE1E9F884C000D07F4 /* TweetCell.swift in Sources */ = {isa = PBXBuildFile; fileRef = 7BD0EFDD1E9F884C000D07F4 /* TweetCell.swift */; };
		7BD0EFE21EA00252000D07F4 /* fontawesome-webfont.ttf in Resources */ = {isa = PBXBuildFile; fileRef = 7BD0EFE11EA00252000D07F4 /* fontawesome-webfont.ttf */; };
		7BD0EFE51EA05AD7000D07F4 /* DetailedTweetViewController.swift in Sources */ = {isa = PBXBuildFile; fileRef = 7BD0EFE41EA05AD7000D07F4 /* DetailedTweetViewController.swift */; };
		7BD0EFE71EA06F71000D07F4 /* NewTweetViewController.swift in Sources */ = {isa = PBXBuildFile; fileRef = 7BD0EFE61EA06F71000D07F4 /* NewTweetViewController.swift */; };
		7BEAF4B71EA1A4B100358003 /* ActivityIndicatorView.swift in Sources */ = {isa = PBXBuildFile; fileRef = 7BEAF4B61EA1A4B100358003 /* ActivityIndicatorView.swift */; };
/* End PBXBuildFile section */

/* Begin PBXFileReference section */
		226FF530E0A242724B9C939C /* Pods-Twitter.debug.xcconfig */ = {isa = PBXFileReference; includeInIndex = 1; lastKnownFileType = text.xcconfig; name = "Pods-Twitter.debug.xcconfig"; path = "Pods/Target Support Files/Pods-Twitter/Pods-Twitter.debug.xcconfig"; sourceTree = "<group>"; };
		4D00CB6773BFF4921913FF98 /* Pods_Twitter.framework */ = {isa = PBXFileReference; explicitFileType = wrapper.framework; includeInIndex = 0; path = Pods_Twitter.framework; sourceTree = BUILT_PRODUCTS_DIR; };
		7BD0EFBA1E9E0495000D07F4 /* Twitter.app */ = {isa = PBXFileReference; explicitFileType = wrapper.application; includeInIndex = 0; path = Twitter.app; sourceTree = BUILT_PRODUCTS_DIR; };
		7BD0EFBD1E9E0495000D07F4 /* AppDelegate.swift */ = {isa = PBXFileReference; lastKnownFileType = sourcecode.swift; path = AppDelegate.swift; sourceTree = "<group>"; };
		7BD0EFC21E9E0495000D07F4 /* Base */ = {isa = PBXFileReference; lastKnownFileType = file.storyboard; name = Base; path = Base.lproj/Main.storyboard; sourceTree = "<group>"; };
		7BD0EFC41E9E0495000D07F4 /* Assets.xcassets */ = {isa = PBXFileReference; lastKnownFileType = folder.assetcatalog; path = Assets.xcassets; sourceTree = "<group>"; };
		7BD0EFC71E9E0495000D07F4 /* Base */ = {isa = PBXFileReference; lastKnownFileType = file.storyboard; name = Base; path = Base.lproj/LaunchScreen.storyboard; sourceTree = "<group>"; };
		7BD0EFC91E9E0495000D07F4 /* Info.plist */ = {isa = PBXFileReference; lastKnownFileType = text.plist.xml; path = Info.plist; sourceTree = "<group>"; };
		7BD0EFCF1E9E1415000D07F4 /* LoginViewController.swift */ = {isa = PBXFileReference; fileEncoding = 4; lastKnownFileType = sourcecode.swift; path = LoginViewController.swift; sourceTree = "<group>"; };
		7BD0EFD21E9ED4B6000D07F4 /* User.swift */ = {isa = PBXFileReference; fileEncoding = 4; lastKnownFileType = sourcecode.swift; path = User.swift; sourceTree = "<group>"; };
		7BD0EFD41E9ED4C6000D07F4 /* Tweet.swift */ = {isa = PBXFileReference; fileEncoding = 4; lastKnownFileType = sourcecode.swift; path = Tweet.swift; sourceTree = "<group>"; };
		7BD0EFD71E9EE1D6000D07F4 /* TwitterClient.swift */ = {isa = PBXFileReference; fileEncoding = 4; lastKnownFileType = sourcecode.swift; path = TwitterClient.swift; sourceTree = "<group>"; };
		7BD0EFDA1E9F00E0000D07F4 /* TweetsViewController.swift */ = {isa = PBXFileReference; fileEncoding = 4; lastKnownFileType = sourcecode.swift; path = TweetsViewController.swift; sourceTree = "<group>"; };
		7BD0EFDD1E9F884C000D07F4 /* TweetCell.swift */ = {isa = PBXFileReference; fileEncoding = 4; lastKnownFileType = sourcecode.swift; path = TweetCell.swift; sourceTree = "<group>"; };
		7BD0EFE11EA00252000D07F4 /* fontawesome-webfont.ttf */ = {isa = PBXFileReference; lastKnownFileType = file; path = "fontawesome-webfont.ttf"; sourceTree = "<group>"; };
		7BD0EFE41EA05AD7000D07F4 /* DetailedTweetViewController.swift */ = {isa = PBXFileReference; fileEncoding = 4; lastKnownFileType = sourcecode.swift; path = DetailedTweetViewController.swift; sourceTree = "<group>"; };
		7BD0EFE61EA06F71000D07F4 /* NewTweetViewController.swift */ = {isa = PBXFileReference; fileEncoding = 4; lastKnownFileType = sourcecode.swift; path = NewTweetViewController.swift; sourceTree = "<group>"; };
		7BEAF4B61EA1A4B100358003 /* ActivityIndicatorView.swift */ = {isa = PBXFileReference; fileEncoding = 4; lastKnownFileType = sourcecode.swift; path = ActivityIndicatorView.swift; sourceTree = "<group>"; };
		9D2A774A3EB50E24D48A2EAC /* Pods-Twitter.release.xcconfig */ = {isa = PBXFileReference; includeInIndex = 1; lastKnownFileType = text.xcconfig; name = "Pods-Twitter.release.xcconfig"; path = "Pods/Target Support Files/Pods-Twitter/Pods-Twitter.release.xcconfig"; sourceTree = "<group>"; };
/* End PBXFileReference section */

/* Begin PBXFrameworksBuildPhase section */
		7BD0EFB71E9E0495000D07F4 /* Frameworks */ = {
			isa = PBXFrameworksBuildPhase;
			buildActionMask = 2147483647;
			files = (
				424D0764030C7174CCD79C18 /* Pods_Twitter.framework in Frameworks */,
			);
			runOnlyForDeploymentPostprocessing = 0;
		};
/* End PBXFrameworksBuildPhase section */

/* Begin PBXGroup section */
		7BD0EFB11E9E0495000D07F4 = {
			isa = PBXGroup;
			children = (
				7BD0EFBC1E9E0495000D07F4 /* Twitter */,
				7BD0EFBB1E9E0495000D07F4 /* Products */,
				8632A1CCA3A12CBA3D086A83 /* Pods */,
				FB028B351634FB83D4374074 /* Frameworks */,
			);
			sourceTree = "<group>";
		};
		7BD0EFBB1E9E0495000D07F4 /* Products */ = {
			isa = PBXGroup;
			children = (
				7BD0EFBA1E9E0495000D07F4 /* Twitter.app */,
			);
			name = Products;
			sourceTree = "<group>";
		};
		7BD0EFBC1E9E0495000D07F4 /* Twitter */ = {
			isa = PBXGroup;
			children = (
				7BD0EFE31EA00380000D07F4 /* Fonts */,
				7BD0EFDC1E9F881C000D07F4 /* Views */,
				7BD0EFD91E9F00A8000D07F4 /* ViewControllers */,
				7BD0EFD61E9EE1B7000D07F4 /* APIs */,
				7BD0EFD11E9ED474000D07F4 /* Models */,
				7BD0EFBD1E9E0495000D07F4 /* AppDelegate.swift */,
				7BD0EFC11E9E0495000D07F4 /* Main.storyboard */,
				7BD0EFC41E9E0495000D07F4 /* Assets.xcassets */,
				7BD0EFC61E9E0495000D07F4 /* LaunchScreen.storyboard */,
				7BD0EFC91E9E0495000D07F4 /* Info.plist */,
			);
			path = Twitter;
			sourceTree = "<group>";
		};
		7BD0EFD11E9ED474000D07F4 /* Models */ = {
			isa = PBXGroup;
			children = (
				7BD0EFD21E9ED4B6000D07F4 /* User.swift */,
				7BD0EFD41E9ED4C6000D07F4 /* Tweet.swift */,
			);
			name = Models;
			sourceTree = "<group>";
		};
		7BD0EFD61E9EE1B7000D07F4 /* APIs */ = {
			isa = PBXGroup;
			children = (
				7BD0EFD71E9EE1D6000D07F4 /* TwitterClient.swift */,
			);
			name = APIs;
			sourceTree = "<group>";
		};
		7BD0EFD91E9F00A8000D07F4 /* ViewControllers */ = {
			isa = PBXGroup;
			children = (
				7BD0EFCF1E9E1415000D07F4 /* LoginViewController.swift */,
				7BD0EFDA1E9F00E0000D07F4 /* TweetsViewController.swift */,
				7BD0EFE41EA05AD7000D07F4 /* DetailedTweetViewController.swift */,
				7BD0EFE61EA06F71000D07F4 /* NewTweetViewController.swift */,
			);
			name = ViewControllers;
			sourceTree = "<group>";
		};
		7BD0EFDC1E9F881C000D07F4 /* Views */ = {
			isa = PBXGroup;
			children = (
				7BD0EFDD1E9F884C000D07F4 /* TweetCell.swift */,
				7BEAF4B61EA1A4B100358003 /* ActivityIndicatorView.swift */,
			);
			name = Views;
			sourceTree = "<group>";
		};
		7BD0EFE31EA00380000D07F4 /* Fonts */ = {
			isa = PBXGroup;
			children = (
				7BD0EFE11EA00252000D07F4 /* fontawesome-webfont.ttf */,
			);
			name = Fonts;
			sourceTree = "<group>";
		};
		8632A1CCA3A12CBA3D086A83 /* Pods */ = {
			isa = PBXGroup;
			children = (
				226FF530E0A242724B9C939C /* Pods-Twitter.debug.xcconfig */,
				9D2A774A3EB50E24D48A2EAC /* Pods-Twitter.release.xcconfig */,
			);
			name = Pods;
			sourceTree = "<group>";
		};
		FB028B351634FB83D4374074 /* Frameworks */ = {
			isa = PBXGroup;
			children = (
				4D00CB6773BFF4921913FF98 /* Pods_Twitter.framework */,
			);
			name = Frameworks;
			sourceTree = "<group>";
		};
/* End PBXGroup section */

/* Begin PBXNativeTarget section */
		7BD0EFB91E9E0495000D07F4 /* Twitter */ = {
			isa = PBXNativeTarget;
			buildConfigurationList = 7BD0EFCC1E9E0495000D07F4 /* Build configuration list for PBXNativeTarget "Twitter" */;
			buildPhases = (
				E7E18D8977707AF98F8F9864 /* [CP] Check Pods Manifest.lock */,
				7BD0EFB61E9E0495000D07F4 /* Sources */,
				7BD0EFB71E9E0495000D07F4 /* Frameworks */,
				7BD0EFB81E9E0495000D07F4 /* Resources */,
				D2082060C418EFFED0898F18 /* [CP] Embed Pods Frameworks */,
				4CE9DE277DA7C9F4E2E26C81 /* [CP] Copy Pods Resources */,
			);
			buildRules = (
			);
			dependencies = (
			);
			name = Twitter;
			productName = Twitter;
			productReference = 7BD0EFBA1E9E0495000D07F4 /* Twitter.app */;
			productType = "com.apple.product-type.application";
		};
/* End PBXNativeTarget section */

/* Begin PBXProject section */
		7BD0EFB21E9E0495000D07F4 /* Project object */ = {
			isa = PBXProject;
			attributes = {
				LastSwiftUpdateCheck = 0830;
				LastUpgradeCheck = 0830;
				ORGANIZATIONNAME = "Janvier Wijaya";
				TargetAttributes = {
					7BD0EFB91E9E0495000D07F4 = {
						CreatedOnToolsVersion = 8.3.1;
						DevelopmentTeam = JJ6PBMZEDC;
						ProvisioningStyle = Automatic;
					};
				};
			};
			buildConfigurationList = 7BD0EFB51E9E0495000D07F4 /* Build configuration list for PBXProject "Twitter" */;
			compatibilityVersion = "Xcode 3.2";
			developmentRegion = English;
			hasScannedForEncodings = 0;
			knownRegions = (
				en,
				Base,
			);
			mainGroup = 7BD0EFB11E9E0495000D07F4;
			productRefGroup = 7BD0EFBB1E9E0495000D07F4 /* Products */;
			projectDirPath = "";
			projectRoot = "";
			targets = (
				7BD0EFB91E9E0495000D07F4 /* Twitter */,
			);
		};
/* End PBXProject section */

/* Begin PBXResourcesBuildPhase section */
		7BD0EFB81E9E0495000D07F4 /* Resources */ = {
			isa = PBXResourcesBuildPhase;
			buildActionMask = 2147483647;
			files = (
				7BD0EFC81E9E0495000D07F4 /* LaunchScreen.storyboard in Resources */,
				7BD0EFE21EA00252000D07F4 /* fontawesome-webfont.ttf in Resources */,
				7BD0EFC51E9E0495000D07F4 /* Assets.xcassets in Resources */,
				7BD0EFC31E9E0495000D07F4 /* Main.storyboard in Resources */,
			);
			runOnlyForDeploymentPostprocessing = 0;
		};
/* End PBXResourcesBuildPhase section */

/* Begin PBXShellScriptBuildPhase section */
		4CE9DE277DA7C9F4E2E26C81 /* [CP] Copy Pods Resources */ = {
			isa = PBXShellScriptBuildPhase;
			buildActionMask = 2147483647;
			files = (
			);
			inputPaths = (
			);
			name = "[CP] Copy Pods Resources";
			outputPaths = (
			);
			runOnlyForDeploymentPostprocessing = 0;
			shellPath = /bin/sh;
			shellScript = "\"${SRCROOT}/Pods/Target Support Files/Pods-Twitter/Pods-Twitter-resources.sh\"\n";
			showEnvVarsInLog = 0;
		};
		D2082060C418EFFED0898F18 /* [CP] Embed Pods Frameworks */ = {
			isa = PBXShellScriptBuildPhase;
			buildActionMask = 2147483647;
			files = (
			);
			inputPaths = (
			);
			name = "[CP] Embed Pods Frameworks";
			outputPaths = (
			);
			runOnlyForDeploymentPostprocessing = 0;
			shellPath = /bin/sh;
			shellScript = "\"${SRCROOT}/Pods/Target Support Files/Pods-Twitter/Pods-Twitter-frameworks.sh\"\n";
			showEnvVarsInLog = 0;
		};
		E7E18D8977707AF98F8F9864 /* [CP] Check Pods Manifest.lock */ = {
			isa = PBXShellScriptBuildPhase;
			buildActionMask = 2147483647;
			files = (
			);
			inputPaths = (
			);
			name = "[CP] Check Pods Manifest.lock";
			outputPaths = (
			);
			runOnlyForDeploymentPostprocessing = 0;
			shellPath = /bin/sh;
			shellScript = "diff \"${PODS_ROOT}/../Podfile.lock\" \"${PODS_ROOT}/Manifest.lock\" > /dev/null\nif [ $? != 0 ] ; then\n    # print error to STDERR\n    echo \"error: The sandbox is not in sync with the Podfile.lock. Run 'pod install' or update your CocoaPods installation.\" >&2\n    exit 1\nfi\n";
			showEnvVarsInLog = 0;
		};
/* End PBXShellScriptBuildPhase section */

/* Begin PBXSourcesBuildPhase section */
		7BD0EFB61E9E0495000D07F4 /* Sources */ = {
			isa = PBXSourcesBuildPhase;
			buildActionMask = 2147483647;
			files = (
				7BD0EFE51EA05AD7000D07F4 /* DetailedTweetViewController.swift in Sources */,
				7BD0EFD31E9ED4B6000D07F4 /* User.swift in Sources */,
				7BEAF4B71EA1A4B100358003 /* ActivityIndicatorView.swift in Sources */,
				7BD0EFDE1E9F884C000D07F4 /* TweetCell.swift in Sources */,
				7BD0EFD51E9ED4C6000D07F4 /* Tweet.swift in Sources */,
				7BD0EFDB1E9F00E0000D07F4 /* TweetsViewController.swift in Sources */,
				7BD0EFD01E9E1415000D07F4 /* LoginViewController.swift in Sources */,
				7BD0EFD81E9EE1D6000D07F4 /* TwitterClient.swift in Sources */,
				7BD0EFE71EA06F71000D07F4 /* NewTweetViewController.swift in Sources */,
				7BD0EFBE1E9E0495000D07F4 /* AppDelegate.swift in Sources */,
			);
			runOnlyForDeploymentPostprocessing = 0;
		};
/* End PBXSourcesBuildPhase section */

/* Begin PBXVariantGroup section */
		7BD0EFC11E9E0495000D07F4 /* Main.storyboard */ = {
			isa = PBXVariantGroup;
			children = (
				7BD0EFC21E9E0495000D07F4 /* Base */,
			);
			name = Main.storyboard;
			sourceTree = "<group>";
		};
		7BD0EFC61E9E0495000D07F4 /* LaunchScreen.storyboard */ = {
			isa = PBXVariantGroup;
			children = (
				7BD0EFC71E9E0495000D07F4 /* Base */,
			);
			name = LaunchScreen.storyboard;
			sourceTree = "<group>";
		};
/* End PBXVariantGroup section */

/* Begin XCBuildConfiguration section */
		7BD0EFCA1E9E0495000D07F4 /* Debug */ = {
			isa = XCBuildConfiguration;
			buildSettings = {
				ALWAYS_SEARCH_USER_PATHS = NO;
				CLANG_ANALYZER_NONNULL = YES;
				CLANG_ANALYZER_NUMBER_OBJECT_CONVERSION = YES_AGGRESSIVE;
				CLANG_CXX_LANGUAGE_STANDARD = "gnu++0x";
				CLANG_CXX_LIBRARY = "libc++";
				CLANG_ENABLE_MODULES = YES;
				CLANG_ENABLE_OBJC_ARC = YES;
				CLANG_WARN_BOOL_CONVERSION = YES;
				CLANG_WARN_CONSTANT_CONVERSION = YES;
				CLANG_WARN_DIRECT_OBJC_ISA_USAGE = YES_ERROR;
				CLANG_WARN_DOCUMENTATION_COMMENTS = YES;
				CLANG_WARN_EMPTY_BODY = YES;
				CLANG_WARN_ENUM_CONVERSION = YES;
				CLANG_WARN_INFINITE_RECURSION = YES;
				CLANG_WARN_INT_CONVERSION = YES;
				CLANG_WARN_OBJC_ROOT_CLASS = YES_ERROR;
				CLANG_WARN_SUSPICIOUS_MOVE = YES;
				CLANG_WARN_UNREACHABLE_CODE = YES;
				CLANG_WARN__DUPLICATE_METHOD_MATCH = YES;
				"CODE_SIGN_IDENTITY[sdk=iphoneos*]" = "iPhone Developer";
				COPY_PHASE_STRIP = NO;
				DEBUG_INFORMATION_FORMAT = dwarf;
				ENABLE_STRICT_OBJC_MSGSEND = YES;
				ENABLE_TESTABILITY = YES;
				GCC_C_LANGUAGE_STANDARD = gnu99;
				GCC_DYNAMIC_NO_PIC = NO;
				GCC_NO_COMMON_BLOCKS = YES;
				GCC_OPTIMIZATION_LEVEL = 0;
				GCC_PREPROCESSOR_DEFINITIONS = (
					"DEBUG=1",
					"$(inherited)",
				);
				GCC_WARN_64_TO_32_BIT_CONVERSION = YES;
				GCC_WARN_ABOUT_RETURN_TYPE = YES_ERROR;
				GCC_WARN_UNDECLARED_SELECTOR = YES;
				GCC_WARN_UNINITIALIZED_AUTOS = YES_AGGRESSIVE;
				GCC_WARN_UNUSED_FUNCTION = YES;
				GCC_WARN_UNUSED_VARIABLE = YES;
				IPHONEOS_DEPLOYMENT_TARGET = 10.3;
				MTL_ENABLE_DEBUG_INFO = YES;
				ONLY_ACTIVE_ARCH = YES;
				SDKROOT = iphoneos;
				SWIFT_ACTIVE_COMPILATION_CONDITIONS = DEBUG;
				SWIFT_OPTIMIZATION_LEVEL = "-Onone";
				TARGETED_DEVICE_FAMILY = "1,2";
			};
			name = Debug;
		};
		7BD0EFCB1E9E0495000D07F4 /* Release */ = {
			isa = XCBuildConfiguration;
			buildSettings = {
				ALWAYS_SEARCH_USER_PATHS = NO;
				CLANG_ANALYZER_NONNULL = YES;
				CLANG_ANALYZER_NUMBER_OBJECT_CONVERSION = YES_AGGRESSIVE;
				CLANG_CXX_LANGUAGE_STANDARD = "gnu++0x";
				CLANG_CXX_LIBRARY = "libc++";
				CLANG_ENABLE_MODULES = YES;
				CLANG_ENABLE_OBJC_ARC = YES;
				CLANG_WARN_BOOL_CONVERSION = YES;
				CLANG_WARN_CONSTANT_CONVERSION = YES;
				CLANG_WARN_DIRECT_OBJC_ISA_USAGE = YES_ERROR;
				CLANG_WARN_DOCUMENTATION_COMMENTS = YES;
				CLANG_WARN_EMPTY_BODY = YES;
				CLANG_WARN_ENUM_CONVERSION = YES;
				CLANG_WARN_INFINITE_RECURSION = YES;
				CLANG_WARN_INT_CONVERSION = YES;
				CLANG_WARN_OBJC_ROOT_CLASS = YES_ERROR;
				CLANG_WARN_SUSPICIOUS_MOVE = YES;
				CLANG_WARN_UNREACHABLE_CODE = YES;
				CLANG_WARN__DUPLICATE_METHOD_MATCH = YES;
				"CODE_SIGN_IDENTITY[sdk=iphoneos*]" = "iPhone Developer";
				COPY_PHASE_STRIP = NO;
				DEBUG_INFORMATION_FORMAT = "dwarf-with-dsym";
				ENABLE_NS_ASSERTIONS = NO;
				ENABLE_STRICT_OBJC_MSGSEND = YES;
				GCC_C_LANGUAGE_STANDARD = gnu99;
				GCC_NO_COMMON_BLOCKS = YES;
				GCC_WARN_64_TO_32_BIT_CONVERSION = YES;
				GCC_WARN_ABOUT_RETURN_TYPE = YES_ERROR;
				GCC_WARN_UNDECLARED_SELECTOR = YES;
				GCC_WARN_UNINITIALIZED_AUTOS = YES_AGGRESSIVE;
				GCC_WARN_UNUSED_FUNCTION = YES;
				GCC_WARN_UNUSED_VARIABLE = YES;
				IPHONEOS_DEPLOYMENT_TARGET = 10.3;
				MTL_ENABLE_DEBUG_INFO = NO;
				SDKROOT = iphoneos;
				SWIFT_OPTIMIZATION_LEVEL = "-Owholemodule";
				TARGETED_DEVICE_FAMILY = "1,2";
				VALIDATE_PRODUCT = YES;
			};
			name = Release;
		};
		7BD0EFCD1E9E0495000D07F4 /* Debug */ = {
			isa = XCBuildConfiguration;
			baseConfigurationReference = 226FF530E0A242724B9C939C /* Pods-Twitter.debug.xcconfig */;
			buildSettings = {
				ASSETCATALOG_COMPILER_APPICON_NAME = AppIcon;
				DEVELOPMENT_TEAM = JJ6PBMZEDC;
				INFOPLIST_FILE = Twitter/Info.plist;
				LD_RUNPATH_SEARCH_PATHS = "$(inherited) @executable_path/Frameworks";
				PRODUCT_BUNDLE_IDENTIFIER = com.janvierwijaya.Twitter;
				PRODUCT_NAME = "$(TARGET_NAME)";
				SWIFT_VERSION = 3.0;
			};
			name = Debug;
		};
		7BD0EFCE1E9E0495000D07F4 /* Release */ = {
			isa = XCBuildConfiguration;
			baseConfigurationReference = 9D2A774A3EB50E24D48A2EAC /* Pods-Twitter.release.xcconfig */;
			buildSettings = {
				ASSETCATALOG_COMPILER_APPICON_NAME = AppIcon;
				DEVELOPMENT_TEAM = JJ6PBMZEDC;
				INFOPLIST_FILE = Twitter/Info.plist;
				LD_RUNPATH_SEARCH_PATHS = "$(inherited) @executable_path/Frameworks";
				PRODUCT_BUNDLE_IDENTIFIER = com.janvierwijaya.Twitter;
				PRODUCT_NAME = "$(TARGET_NAME)";
				SWIFT_VERSION = 3.0;
			};
			name = Release;
		};
/* End XCBuildConfiguration section */

/* Begin XCConfigurationList section */
		7BD0EFB51E9E0495000D07F4 /* Build configuration list for PBXProject "Twitter" */ = {
			isa = XCConfigurationList;
			buildConfigurations = (
				7BD0EFCA1E9E0495000D07F4 /* Debug */,
				7BD0EFCB1E9E0495000D07F4 /* Release */,
			);
			defaultConfigurationIsVisible = 0;
			defaultConfigurationName = Release;
		};
		7BD0EFCC1E9E0495000D07F4 /* Build configuration list for PBXNativeTarget "Twitter" */ = {
			isa = XCConfigurationList;
			buildConfigurations = (
				7BD0EFCD1E9E0495000D07F4 /* Debug */,
				7BD0EFCE1E9E0495000D07F4 /* Release */,
			);
			defaultConfigurationIsVisible = 0;
			defaultConfigurationName = Release;
		};
/* End XCConfigurationList section */
	};
	rootObject = 7BD0EFB21E9E0495000D07F4 /* Project object */;
}
